
Microsoft Visual Studio Solution File, Format Version 12.00
# Visual Studio Version 17
VisualStudioVersion = 17.13.35818.85 d17.13
MinimumVisualStudioVersion = 10.0.40219.1
Project("{FAE04EC0-301F-11D3-BF4B-00C04F79EFBC}") = "UsuariosApi", "UsuariosApi.csproj", "{C25ED6CC-F83D-04A8-17D9-6990C27454FC}"
EndProject
Global
	GlobalSection(SolutionConfigurationPlatforms) = preSolution
		Debug|Any CPU = Debug|Any CPU
		Release|Any CPU = Release|Any CPU
	EndGlobalSection
	GlobalSection(ProjectConfigurationPlatforms) = postSolution
		{C25ED6CC-F83D-04A8-17D9-6990C27454FC}.Debug|Any CPU.ActiveCfg = Debug|Any CPU
		{C25ED6CC-F83D-04A8-17D9-6990C27454FC}.Debug|Any CPU.Build.0 = Debug|Any CPU
		{C25ED6CC-F83D-04A8-17D9-6990C27454FC}.Release|Any CPU.ActiveCfg = Release|Any CPU
		{C25ED6CC-F83D-04A8-17D9-6990C27454FC}.Release|Any CPU.Build.0 = Release|Any CPU
	EndGlobalSection
	GlobalSection(SolutionProperties) = preSolution
		HideSolutionNode = FALSE
	EndGlobalSection
	GlobalSection(ExtensibilityGlobals) = postSolution
		SolutionGuid = {691D335E-C035-4D74-8AE8-9DA6D54D01A0}
	EndGlobalSection
EndGlobal
